
Microsoft Visual Studio Solution File, Format Version 12.00
# Visual Studio Version 16
VisualStudioVersion = 16.0.29306.81
MinimumVisualStudioVersion = 10.0.40219.1
Project("{8BC9CEB8-8B4A-11D0-8D11-00A0C91BC942}") = "merge sort", "merge sort\merge sort.vcxproj", "{A7A54A44-54B5-4EEC-A6F0-8CC6B3C419B7}"
EndProject
Global
	GlobalSection(SolutionConfigurationPlatforms) = preSolution
		Debug|x64 = Debug|x64
		Debug|x86 = Debug|x86
		Release|x64 = Release|x64
		Release|x86 = Release|x86
	EndGlobalSection
	GlobalSection(ProjectConfigurationPlatforms) = postSolution
		{A7A54A44-54B5-4EEC-A6F0-8CC6B3C419B7}.Debug|x64.ActiveCfg = Debug|x64
		{A7A54A44-54B5-4EEC-A6F0-8CC6B3C419B7}.Debug|x64.Build.0 = Debug|x64
		{A7A54A44-54B5-4EEC-A6F0-8CC6B3C419B7}.Debug|x86.ActiveCfg = Debug|Win32
		{A7A54A44-54B5-4EEC-A6F0-8CC6B3C419B7}.Debug|x86.Build.0 = Debug|Win32
		{A7A54A44-54B5-4EEC-A6F0-8CC6B3C419B7}.Release|x64.ActiveCfg = Release|x64
		{A7A54A44-54B5-4EEC-A6F0-8CC6B3C419B7}.Release|x64.Build.0 = Release|x64
		{A7A54A44-54B5-4EEC-A6F0-8CC6B3C419B7}.Release|x86.ActiveCfg = Release|Win32
		{A7A54A44-54B5-4EEC-A6F0-8CC6B3C419B7}.Release|x86.Build.0 = Release|Win32
	EndGlobalSection
	GlobalSection(SolutionProperties) = preSolution
		HideSolutionNode = FALSE
	EndGlobalSection
	GlobalSection(ExtensibilityGlobals) = postSolution
		SolutionGuid = {58CEE372-CE6A-4CDA-B838-5C7A5093F8B7}
	EndGlobalSection
EndGlobal
